<?xml version="1.0" encoding="utf-8"?>
<Project ToolsVersion="4.0" xmlns="http://schemas.microsoft.com/developer/msbuild/2003">
  <ItemGroup>
    <Filter Include="Header Files">
      <UniqueIdentifier>{125cb61f-0f27-4e19-9297-26a8e2e21d2b}</UniqueIdentifier>
    </Filter>
    <Filter Include="Source Files">
      <UniqueIdentifier>{b32d45d9-0ca9-4592-8950-4097e970e773}</UniqueIdentifier>
    </Filter>
  </ItemGroup>
  <ItemGroup>
    <ClCompile Include="..\generic\api.c">
      <Filter>Source Files</Filter>
    </ClCompile>
    <ClCompile Include="..\generic\dedup.c">
      <Filter>Source Files</Filter>
    </ClCompile>
    <ClCompile Include="..\generic\json_types.c">
      <Filter>Source Files</Filter>
    </ClCompile>
    <ClCompile Include="..\generic\names.c">
      <Filter>Source Files</Filter>
    </ClCompile>
    <ClCompile Include="..\generic\parser.c">
      <Filter>Source Files</Filter>
    </ClCompile>
    <ClCompile Include="..\generic\rl_json.c">
      <Filter>Source Files</Filter>
    </ClCompile>
    <ClCompile Include="..\generic\rl_jsonStubInit.c">
      <Filter>Source Files</Filter>
    </ClCompile>
    <ClCompile Include="..\generic\rl_jsonStubLib.c">
      <Filter>Source Files</Filter>
    </ClCompile>
  </ItemGroup>
  <ItemGroup>
    <ClInclude Include="..\generic\dedup.h">
      <Filter>Header Files</Filter>
    </ClInclude>
    <ClInclude Include="..\generic\names.h">
      <Filter>Header Files</Filter>
    </ClInclude>
    <ClInclude Include="..\generic\parser.h">
      <Filter>Header Files</Filter>
    </ClInclude>
    <ClInclude Include="..\generic\rl_json.h">
      <Filter>Header Files</Filter>
    </ClInclude>
    <ClInclude Include="..\generic\rl_jsonDecls.h">
      <Filter>Header Files</Filter>
    </ClInclude>
    <ClInclude Include="..\generic\rl_jsonInt.h">
      <Filter>Header Files</Filter>
    </ClInclude>
    <ClInclude Include="..\generic\tclstuff.h">
      <Filter>Header Files</Filter>
    </ClInclude>
    <ClInclude Include="..\generic\tip445.h">
      <Filter>Header Files</Filter>
    </ClInclude>
  </ItemGroup>
</Project>